
Microsoft Visual Studio Solution File, Format Version 12.00
# Visual Studio 15
VisualStudioVersion = 15.0.26730.3
MinimumVisualStudioVersion = 10.0.40219.1
Project("{FAE04EC0-301F-11D3-BF4B-00C04F79EFBC}") = "Speaker", "Speaker\Speaker.csproj", "{5EFF447B-DD49-4EB9-BEBD-06E869359B92}"
EndProject
Global
	GlobalSection(SolutionConfigurationPlatforms) = preSolution
		Debug|Any CPU = Debug|Any CPU
		Release|Any CPU = Release|Any CPU
	EndGlobalSection
	GlobalSection(ProjectConfigurationPlatforms) = postSolution
		{5EFF447B-DD49-4EB9-BEBD-06E869359B92}.Debug|Any CPU.ActiveCfg = Debug|Any CPU
		{5EFF447B-DD49-4EB9-BEBD-06E869359B92}.Debug|Any CPU.Build.0 = Debug|Any CPU
		{5EFF447B-DD49-4EB9-BEBD-06E869359B92}.Release|Any CPU.ActiveCfg = Release|Any CPU
		{5EFF447B-DD49-4EB9-BEBD-06E869359B92}.Release|Any CPU.Build.0 = Release|Any CPU
	EndGlobalSection
	GlobalSection(SolutionProperties) = preSolution
		HideSolutionNode = FALSE
	EndGlobalSection
	GlobalSection(ExtensibilityGlobals) = postSolution
		SolutionGuid = {28130E87-C42E-416C-B4BD-7BB90950350F}
	EndGlobalSection
EndGlobal
